{
  "nodes": {
    "adk-skill": {
      "flake": false,
      "locked": {
        "lastModified": 1772046135,
        "narHash": "sha256-64U5xkEShjbt5Q+nAaz6lb2gEKTDIvmw3uzuv1MCLRE=",
        "owner": "dewitt",
        "repo": "adk-skill",
        "rev": "9a1c33c251412de7d4290af6be3e25ef9dae8b75",
        "type": "github"
      },
      "original": {
        "owner": "dewitt",
        "repo": "adk-skill",
        "type": "github"
      }
    },
    "agent-skills": {
      "inputs": {
        "nixpkgs": "nixpkgs"
      },
      "locked": {
        "lastModified": 1789145426,
        "narHash": "sha256-Wf+7Qzt8+nz4TXPCbWnMjOAdzbVM6blW9J6JP+YhSy8=",
        "owner": "Kyure-A",
        "repo": "agent-skills-nix",
        "rev": "5133c874553c6c295654d8de4e3f62c95736b9c6",
        "type": "github"
      },
      "original": {
        "owner": "Kyure-A",
        "repo": "agent-skills-nix",
        "type": "github"
      }
    },
    "cliamp": {
      "inputs": {
        "nixpkgs": [
          "nixpkgs"
        ]
      },
      "locked": {
        "lastModified": 1789928374,
        "narHash": "sha256-LnRdWERki6eSy42DRVIRt9amPfGtuyshDyI3TIS4+OI=",
        "owner": "bjarneo",
        "repo": "cliamp",
        "rev": "57ae3badf75f1f370178df34c6382c069e6564aa",
        "type": "github"
      },
      "original": {
        "owner": "bjarneo",
        "repo": "cliamp",
        "type": "github"
      }
    },
    "nix4nvchad": {
      "inputs": {
        "nixpkgs": [
          "nixpkgs"
        ],
        "nvchad-starter": "nvchad-starter"
      },
      "locked": {
        "lastModified": 1789224828,
        "narHash": "sha256-FDUdpZ3GcIpS9y63dpjcBFu8n56LyTdBVxlThiSusKU=",
        "owner": "nix-community",
        "repo": "nix4nvchad",
        "rev": "01ae592dac822827b5e9d372005fe801d64498a6",
        "type": "github"
      },
      "original": {
        "owner": "nix-community",
        "repo": "nix4nvchad",
        "type": "github"
      }
    },
    "nixpkgs": {
      "locked": {
        "lastModified": 1785571196,
        "narHash": "sha256-KoTsyMQqnXQZq8deCEnu4QkyldkwH/bpMMhUcfMdGIw=",
        "owner": "NixOS",
        "repo": "nixpkgs",
        "rev": "148bab9c1c3c53136ecb44a6ea356a0ed5b39b06",
        "type": "github"
      },
      "original": {
        "owner": "NixOS",
        "ref": "nixos-unstable",
        "repo": "nixpkgs",
        "type": "github"
      }
    },
    "nixpkgs_2": {
      "locked": {
        "lastModified": 1789960332,
        "narHash": "sha256-MQ5my6vvo0z2iVQcKqrysutFWvsNw3/ynNxzjJon4yc=",
        "owner": "nixos",
        "repo": "nixpkgs",
        "rev": "35e212742ceab4ae1dcfbfd9039a39215c816e8e",
        "type": "github"
      },
      "original": {
        "owner": "nixos",
        "ref": "nixpkgs-unstable",
        "repo": "nixpkgs",
        "type": "github"
      }
    },
    "nvchad-starter": {
      "flake": false,
      "locked": {
        "lastModified": 1753939018,
        "narHash": "sha256-xdLr6tlU9uA+wu0pqha2br0fdVm+1MjgjbB5awz9ICU=",
        "owner": "NvChad",
        "repo": "starter",
        "rev": "e3572e1f5e1c297212c3deeb17b7863139ce663e",
        "type": "github"
      },
      "original": {
        "owner": "NvChad",
        "ref": "main",
        "repo": "starter",
        "type": "github"
      }
    },
    "opentui": {
      "flake": false,
      "locked": {
        "lastModified": 1789722597,
        "narHash": "sha256-EDffqdBGonQeyxE8VETtpL/I9x13+myIcNBWWEbNs1Q=",
        "owner": "anomalyco",
        "repo": "opentui",
        "rev": "4954312d749f71e80664aa8b0e8a75384186eb99",
        "type": "github"
      },
      "original": {
        "owner": "anomalyco",
        "repo": "opentui",
        "type": "github"
      }
    },
    "root": {
      "inputs": {
        "adk-skill": "adk-skill",
        "agent-skills": "agent-skills",
        "cliamp": "cliamp",
        "nix4nvchad": "nix4nvchad",
        "nixpkgs": "nixpkgs_2",
        "opentui": "opentui"
      }
    }
  },
  "root": "root",
  "version": 7
}
