{
  "nodes": {
    "agent-skills": {
      "inputs": {
        "nixpkgs": "nixpkgs"
      },
      "locked": {
        "lastModified": 1790154098,
        "narHash": "sha256-SviEpvFefXCPOmQ2b41c4ujE7BzWYJ/h8p/HZNxD2B8=",
        "owner": "Kyure-A",
        "repo": "agent-skills-nix",
        "rev": "dc122af897ab9a685c20ae54c639021619dbbb52",
        "type": "github"
      },
      "original": {
        "owner": "Kyure-A",
        "repo": "agent-skills-nix",
        "type": "github"
      }
    },
    "blender-mcp": {
      "flake": false,
      "locked": {
        "lastModified": 1790673067,
        "narHash": "sha256-7+v0AzVpDvDqddnDdCObQRirUpo6gF6aMiUFCsyrW3E=",
        "ref": "refs/heads/main",
        "rev": "dbbf836ad4b1025f14a2b3b504c43903f39e0b04",
        "revCount": 106,
        "type": "git",
        "url": "https://projects.blender.org/lab/blender_mcp"
      },
      "original": {
        "type": "git",
        "url": "https://projects.blender.org/lab/blender_mcp"
      }
    },
    "bun2nix": {
      "inputs": {
        "flake-parts": [
          "llm-agents",
          "flake-parts"
        ],
        "nixpkgs": [
          "llm-agents",
          "nixpkgs"
        ],
        "systems": [
          "llm-agents",
          "systems"
        ],
        "treefmt-nix": [
          "llm-agents",
          "treefmt-nix"
        ]
      },
      "locked": {
        "lastModified": 1790001035,
        "narHash": "sha256-1/SLBjSYBzDdDhvLQ83wrzBakyS/xNGgtxHGNuveOEQ=",
        "owner": "Mic92",
        "repo": "bun2nix",
        "rev": "07a5bfc8ac36c5370199343fa620b69f63186e33",
        "type": "github"
      },
      "original": {
        "owner": "Mic92",
        "ref": "llm-agents",
        "repo": "bun2nix",
        "type": "github"
      }
    },
    "cliamp": {
      "inputs": {
        "nixpkgs": [
          "nixpkgs"
        ]
      },
      "locked": {
        "lastModified": 1791109918,
        "narHash": "sha256-w3A0QtjgXaZMzEWuHntrBk4I6HBgbZ/ZILNaD5aaLQQ=",
        "owner": "bjarneo",
        "repo": "cliamp",
        "rev": "575610fbf3a8f08e3b0f3843878bd01a296993fc",
        "type": "github"
      },
      "original": {
        "owner": "bjarneo",
        "repo": "cliamp",
        "type": "github"
      }
    },
    "cloudflare-skills": {
      "flake": false,
      "locked": {
        "lastModified": 1790864655,
        "narHash": "sha256-U0pebg1Uu/L5gYy6aZXte5FZT0R3OPHxU34J+HOTBFk=",
        "owner": "cloudflare",
        "repo": "skills",
        "rev": "41e0d19858946d18af9ee2c2feebbe2e11d829ff",
        "type": "github"
      },
      "original": {
        "owner": "cloudflare",
        "repo": "skills",
        "type": "github"
      }
    },
    "flake-parts": {
      "inputs": {
        "nixpkgs-lib": [
          "llm-agents",
          "nixpkgs"
        ]
      },
      "locked": {
        "lastModified": 1790898470,
        "narHash": "sha256-zTwuwezD0w3hpga6a6P8emidzAZFyWqlNeRBlpWOOl8=",
        "owner": "hercules-ci",
        "repo": "flake-parts",
        "rev": "024633cd702b10285db5cb19b40ad48d2399ba60",
        "type": "github"
      },
      "original": {
        "owner": "hercules-ci",
        "repo": "flake-parts",
        "type": "github"
      }
    },
    "llm-agents": {
      "inputs": {
        "bun2nix": "bun2nix",
        "flake-parts": "flake-parts",
        "nixpkgs": [
          "nixpkgs"
        ],
        "systems": "systems",
        "treefmt-nix": "treefmt-nix"
      },
      "locked": {
        "lastModified": 1791175671,
        "narHash": "sha256-1szYaEAFYPApOgy2HGLbqtVys8SIqk5mlvz9agPFLr0=",
        "owner": "numtide",
        "repo": "llm-agents.nix",
        "rev": "ba24820b562c0e1ff95d283a2e2e1debcbcbad83",
        "type": "github"
      },
      "original": {
        "owner": "numtide",
        "repo": "llm-agents.nix",
        "type": "github"
      }
    },
    "nix4nvchad": {
      "inputs": {
        "nixpkgs": [
          "nixpkgs"
        ],
        "nvchad-starter": "nvchad-starter"
      },
      "locked": {
        "lastModified": 1791022488,
        "narHash": "sha256-nILOjcmlplFb3mbGAt7wlMHK3tmsDETk4IZ5wKYoE6I=",
        "owner": "nix-community",
        "repo": "nix4nvchad",
        "rev": "3d052b4bd79353f33cefae2888420aef07c3bff4",
        "type": "github"
      },
      "original": {
        "owner": "nix-community",
        "repo": "nix4nvchad",
        "type": "github"
      }
    },
    "nixpkgs": {
      "locked": {
        "lastModified": 1789785513,
        "narHash": "sha256-B44WL6h0XoLjJ41bUPJk0X5SDinLCII//6EcBLXKiJ0=",
        "owner": "NixOS",
        "repo": "nixpkgs",
        "rev": "20b1ddd1aa5ace70c9468305030aa4f9ef79671b",
        "type": "github"
      },
      "original": {
        "owner": "NixOS",
        "ref": "nixos-unstable",
        "repo": "nixpkgs",
        "type": "github"
      }
    },
    "nixpkgs_2": {
      "locked": {
        "lastModified": 1791097562,
        "narHash": "sha256-K9O9lG3UZNFCnwrz0ViWgP3Kgqukg1DvvzsrkFJfcvU=",
        "owner": "nixos",
        "repo": "nixpkgs",
        "rev": "a322c65bf7233456788a9ebf03bc067db7dc090a",
        "type": "github"
      },
      "original": {
        "owner": "nixos",
        "ref": "nixpkgs-unstable",
        "repo": "nixpkgs",
        "type": "github"
      }
    },
    "nvchad-starter": {
      "flake": false,
      "locked": {
        "lastModified": 1753939018,
        "narHash": "sha256-xdLr6tlU9uA+wu0pqha2br0fdVm+1MjgjbB5awz9ICU=",
        "owner": "NvChad",
        "repo": "starter",
        "rev": "e3572e1f5e1c297212c3deeb17b7863139ce663e",
        "type": "github"
      },
      "original": {
        "owner": "NvChad",
        "ref": "main",
        "repo": "starter",
        "type": "github"
      }
    },
    "root": {
      "inputs": {
        "agent-skills": "agent-skills",
        "blender-mcp": "blender-mcp",
        "cliamp": "cliamp",
        "cloudflare-skills": "cloudflare-skills",
        "llm-agents": "llm-agents",
        "nix4nvchad": "nix4nvchad",
        "nixpkgs": "nixpkgs_2"
      }
    },
    "systems": {
      "locked": {
        "lastModified": 1681028828,
        "narHash": "sha256-Vy1rq5AaRuLzOxct8nz4T6wlgyUR7zLU309k9mBC768=",
        "owner": "nix-systems",
        "repo": "default",
        "rev": "da67096a3b9bf56a91d16901293e51ba5b49a27e",
        "type": "github"
      },
      "original": {
        "owner": "nix-systems",
        "repo": "default",
        "type": "github"
      }
    },
    "treefmt-nix": {
      "inputs": {
        "nixpkgs": [
          "llm-agents",
          "nixpkgs"
        ]
      },
      "locked": {
        "lastModified": 1786901030,
        "narHash": "sha256-WSFCsDSE5ffgD2MqzkM2CYjeFiKhRF/dJUN8uedb6YE=",
        "owner": "numtide",
        "repo": "treefmt-nix",
        "rev": "27b3b12a8e6375f28ebe122f07d230ca5459bbfa",
        "type": "github"
      },
      "original": {
        "owner": "numtide",
        "repo": "treefmt-nix",
        "type": "github"
      }
    }
  },
  "root": "root",
  "version": 7
}
